
Microsoft Visual Studio Solution File, Format Version 12.00
# Visual Studio Version 16
VisualStudioVersion = 16.0.31205.134
MinimumVisualStudioVersion = 10.0.40219.1
Project("{9A19103F-16F7-4668-BE54-9A1E7A4F7556}") = "NoTell-API", "NoTell-API\NoTell-API.csproj", "{974BBD5A-A6D9-4A46-8F1D-47F6A1FC5A91}"
EndProject
Project("{FAE04EC0-301F-11D3-BF4B-00C04F79EFBC}") = "NoTell-Services", "NoTell-Services\NoTell-Services.csproj", "{2B6F40E1-D80F-47A2-BE83-69318A0BC4FF}"
EndProject
Project("{FAE04EC0-301F-11D3-BF4B-00C04F79EFBC}") = "NoTell-DAL", "NoTell-DAL\NoTell-DAL.csproj", "{BB6884B8-69C4-41AB-92AE-1EA6E9BC896F}"
EndProject
Global
	GlobalSection(SolutionConfigurationPlatforms) = preSolution
		Debug|Any CPU = Debug|Any CPU
		Release|Any CPU = Release|Any CPU
	EndGlobalSection
	GlobalSection(ProjectConfigurationPlatforms) = postSolution
		{974BBD5A-A6D9-4A46-8F1D-47F6A1FC5A91}.Debug|Any CPU.ActiveCfg = Debug|Any CPU
		{974BBD5A-A6D9-4A46-8F1D-47F6A1FC5A91}.Debug|Any CPU.Build.0 = Debug|Any CPU
		{974BBD5A-A6D9-4A46-8F1D-47F6A1FC5A91}.Release|Any CPU.ActiveCfg = Release|Any CPU
		{974BBD5A-A6D9-4A46-8F1D-47F6A1FC5A91}.Release|Any CPU.Build.0 = Release|Any CPU
		{2B6F40E1-D80F-47A2-BE83-69318A0BC4FF}.Debug|Any CPU.ActiveCfg = Debug|Any CPU
		{2B6F40E1-D80F-47A2-BE83-69318A0BC4FF}.Debug|Any CPU.Build.0 = Debug|Any CPU
		{2B6F40E1-D80F-47A2-BE83-69318A0BC4FF}.Release|Any CPU.ActiveCfg = Release|Any CPU
		{2B6F40E1-D80F-47A2-BE83-69318A0BC4FF}.Release|Any CPU.Build.0 = Release|Any CPU
		{BB6884B8-69C4-41AB-92AE-1EA6E9BC896F}.Debug|Any CPU.ActiveCfg = Debug|Any CPU
		{BB6884B8-69C4-41AB-92AE-1EA6E9BC896F}.Debug|Any CPU.Build.0 = Debug|Any CPU
		{BB6884B8-69C4-41AB-92AE-1EA6E9BC896F}.Release|Any CPU.ActiveCfg = Release|Any CPU
		{BB6884B8-69C4-41AB-92AE-1EA6E9BC896F}.Release|Any CPU.Build.0 = Release|Any CPU
	EndGlobalSection
	GlobalSection(SolutionProperties) = preSolution
		HideSolutionNode = FALSE
	EndGlobalSection
	GlobalSection(ExtensibilityGlobals) = postSolution
		SolutionGuid = {11D5F4D4-8ACE-40C3-A400-122AD99D27D4}
	EndGlobalSection
EndGlobal
